
Microsoft Visual Studio Solution File, Format Version 12.00
# Visual Studio Version 17
VisualStudioVersion = 17.13.35806.99
MinimumVisualStudioVersion = 10.0.40219.1
Project("{2150E333-8FDC-42A3-9474-1A3956D46DE8}") = "Services", "Services", "{CA6C55C4-CCB7-4769-B81B-6E78B0ED5A28}"
EndProject
Project("{2150E333-8FDC-42A3-9474-1A3956D46DE8}") = "Catalog", "Catalog", "{CF69C2E9-DCE0-4672-B1BC-70E0A75B8559}"
EndProject
Project("{2150E333-8FDC-42A3-9474-1A3956D46DE8}") = "BuildingBlocks", "BuildingBlocks", "{C89687B8-1579-4ABD-94A0-C05A26B43682}"
EndProject
Project("{2150E333-8FDC-42A3-9474-1A3956D46DE8}") = "Basket", "Basket", "{59371E18-81A6-4397-B37F-4283CEBD1BF6}"
EndProject
Project("{2150E333-8FDC-42A3-9474-1A3956D46DE8}") = "Discount", "Discount", "{509CA599-AF10-467D-B08C-23AD77130F6E}"
EndProject
Project("{FAE04EC0-301F-11D3-BF4B-00C04F79EFBC}") = "Basket.API", "src\Services\Basket\Basket.API\Basket.API.csproj", "{CB197780-1546-3846-C760-8D86AD2EBCD8}"
EndProject
Project("{FAE04EC0-301F-11D3-BF4B-00C04F79EFBC}") = "Catalog.API", "src\Services\Catalog\Catalog.API\Catalog.API.csproj", "{2577D5E5-EA8A-BC2D-48B9-5FCA0BB92918}"
EndProject
Project("{FAE04EC0-301F-11D3-BF4B-00C04F79EFBC}") = "Discount.Grpc", "src\Services\Discount\Discount.Grpc\Discount.Grpc.csproj", "{7973A32F-9A0A-92C5-3577-AF4086D051F6}"
EndProject
Project("{2150E333-8FDC-42A3-9474-1A3956D46DE8}") = "Ordering", "Ordering", "{F2A9B53D-34C3-475B-BF37-46BC0A84FCC3}"
EndProject
Project("{FAE04EC0-301F-11D3-BF4B-00C04F79EFBC}") = "Ordering.API", "src\Services\Ordering\Ordering.API\Ordering.API.csproj", "{53BCB31B-C293-40A6-ADD1-46F53ED689F5}"
EndProject
Project("{FAE04EC0-301F-11D3-BF4B-00C04F79EFBC}") = "Ordering.Domain", "src\Services\Ordering\Ordering.Domain\Ordering.Domain.csproj", "{3D4028C3-2408-4841-8D3D-F8D5356A7354}"
EndProject
Project("{FAE04EC0-301F-11D3-BF4B-00C04F79EFBC}") = "Ordering.Application", "src\Services\Ordering\Ordering.Application\Ordering.Application.csproj", "{61462337-C2AA-4097-900D-F6EC8C537B5A}"
EndProject
Project("{FAE04EC0-301F-11D3-BF4B-00C04F79EFBC}") = "Ordering.Infrastructure", "src\Services\Ordering\Ordering.Infrastructure\Ordering.Infrastructure.csproj", "{F5CAF49E-F6A8-4D4E-A603-7275197218D8}"
EndProject
Project("{2150E333-8FDC-42A3-9474-1A3956D46DE8}") = "SolutionItems", "SolutionItems", "{F0D59542-16B6-4BA1-91CB-DF9F1032AC57}"
	ProjectSection(SolutionItems) = preProject
		.editorconfig = .editorconfig
		Directory.Build.props = Directory.Build.props
		Directory.Packages.props = Directory.Packages.props
	EndProjectSection
EndProject
Project("{E53339B2-1760-4266-BCC7-CA923CBCF16C}") = "docker-compose", "docker-compose.dcproj", "{81DDED9D-158B-E303-5F62-77A2896D2A5A}"
EndProject
Project("{FAE04EC0-301F-11D3-BF4B-00C04F79EFBC}") = "BuildingBlocks", "src\BuildingBlocks\BuildingBlocks\BuildingBlocks.csproj", "{91E35F9D-8A02-4450-89F5-7014FF707722}"
EndProject
Project("{FAE04EC0-301F-11D3-BF4B-00C04F79EFBC}") = "BuildingBlocks.Messaging", "src\BuildingBlocks\BuildingBlocks.Messaging\BuildingBlocks.Messaging.csproj", "{F96E9902-1B5D-46BB-BF0A-189A2873945A}"
EndProject
Global
	GlobalSection(SolutionConfigurationPlatforms) = preSolution
		Debug|Any CPU = Debug|Any CPU
		Release|Any CPU = Release|Any CPU
	EndGlobalSection
	GlobalSection(ProjectConfigurationPlatforms) = postSolution
		{CB197780-1546-3846-C760-8D86AD2EBCD8}.Debug|Any CPU.ActiveCfg = Debug|Any CPU
		{CB197780-1546-3846-C760-8D86AD2EBCD8}.Debug|Any CPU.Build.0 = Debug|Any CPU
		{CB197780-1546-3846-C760-8D86AD2EBCD8}.Release|Any CPU.ActiveCfg = Release|Any CPU
		{CB197780-1546-3846-C760-8D86AD2EBCD8}.Release|Any CPU.Build.0 = Release|Any CPU
		{2577D5E5-EA8A-BC2D-48B9-5FCA0BB92918}.Debug|Any CPU.ActiveCfg = Debug|Any CPU
		{2577D5E5-EA8A-BC2D-48B9-5FCA0BB92918}.Debug|Any CPU.Build.0 = Debug|Any CPU
		{2577D5E5-EA8A-BC2D-48B9-5FCA0BB92918}.Release|Any CPU.ActiveCfg = Release|Any CPU
		{2577D5E5-EA8A-BC2D-48B9-5FCA0BB92918}.Release|Any CPU.Build.0 = Release|Any CPU
		{7973A32F-9A0A-92C5-3577-AF4086D051F6}.Debug|Any CPU.ActiveCfg = Debug|Any CPU
		{7973A32F-9A0A-92C5-3577-AF4086D051F6}.Debug|Any CPU.Build.0 = Debug|Any CPU
		{7973A32F-9A0A-92C5-3577-AF4086D051F6}.Release|Any CPU.ActiveCfg = Release|Any CPU
		{7973A32F-9A0A-92C5-3577-AF4086D051F6}.Release|Any CPU.Build.0 = Release|Any CPU
		{53BCB31B-C293-40A6-ADD1-46F53ED689F5}.Debug|Any CPU.ActiveCfg = Debug|Any CPU
		{53BCB31B-C293-40A6-ADD1-46F53ED689F5}.Debug|Any CPU.Build.0 = Debug|Any CPU
		{53BCB31B-C293-40A6-ADD1-46F53ED689F5}.Release|Any CPU.ActiveCfg = Release|Any CPU
		{53BCB31B-C293-40A6-ADD1-46F53ED689F5}.Release|Any CPU.Build.0 = Release|Any CPU
		{3D4028C3-2408-4841-8D3D-F8D5356A7354}.Debug|Any CPU.ActiveCfg = Debug|Any CPU
		{3D4028C3-2408-4841-8D3D-F8D5356A7354}.Debug|Any CPU.Build.0 = Debug|Any CPU
		{3D4028C3-2408-4841-8D3D-F8D5356A7354}.Release|Any CPU.ActiveCfg = Release|Any CPU
		{3D4028C3-2408-4841-8D3D-F8D5356A7354}.Release|Any CPU.Build.0 = Release|Any CPU
		{61462337-C2AA-4097-900D-F6EC8C537B5A}.Debug|Any CPU.ActiveCfg = Debug|Any CPU
		{61462337-C2AA-4097-900D-F6EC8C537B5A}.Debug|Any CPU.Build.0 = Debug|Any CPU
		{61462337-C2AA-4097-900D-F6EC8C537B5A}.Release|Any CPU.ActiveCfg = Release|Any CPU
		{61462337-C2AA-4097-900D-F6EC8C537B5A}.Release|Any CPU.Build.0 = Release|Any CPU
		{F5CAF49E-F6A8-4D4E-A603-7275197218D8}.Debug|Any CPU.ActiveCfg = Debug|Any CPU
		{F5CAF49E-F6A8-4D4E-A603-7275197218D8}.Debug|Any CPU.Build.0 = Debug|Any CPU
		{F5CAF49E-F6A8-4D4E-A603-7275197218D8}.Release|Any CPU.ActiveCfg = Release|Any CPU
		{F5CAF49E-F6A8-4D4E-A603-7275197218D8}.Release|Any CPU.Build.0 = Release|Any CPU
		{81DDED9D-158B-E303-5F62-77A2896D2A5A}.Debug|Any CPU.ActiveCfg = Debug|Any CPU
		{81DDED9D-158B-E303-5F62-77A2896D2A5A}.Debug|Any CPU.Build.0 = Debug|Any CPU
		{81DDED9D-158B-E303-5F62-77A2896D2A5A}.Release|Any CPU.ActiveCfg = Release|Any CPU
		{81DDED9D-158B-E303-5F62-77A2896D2A5A}.Release|Any CPU.Build.0 = Release|Any CPU
		{91E35F9D-8A02-4450-89F5-7014FF707722}.Debug|Any CPU.ActiveCfg = Debug|Any CPU
		{91E35F9D-8A02-4450-89F5-7014FF707722}.Debug|Any CPU.Build.0 = Debug|Any CPU
		{91E35F9D-8A02-4450-89F5-7014FF707722}.Release|Any CPU.ActiveCfg = Release|Any CPU
		{91E35F9D-8A02-4450-89F5-7014FF707722}.Release|Any CPU.Build.0 = Release|Any CPU
		{F96E9902-1B5D-46BB-BF0A-189A2873945A}.Debug|Any CPU.ActiveCfg = Debug|Any CPU
		{F96E9902-1B5D-46BB-BF0A-189A2873945A}.Debug|Any CPU.Build.0 = Debug|Any CPU
		{F96E9902-1B5D-46BB-BF0A-189A2873945A}.Release|Any CPU.ActiveCfg = Release|Any CPU
		{F96E9902-1B5D-46BB-BF0A-189A2873945A}.Release|Any CPU.Build.0 = Release|Any CPU
	EndGlobalSection
	GlobalSection(SolutionProperties) = preSolution
		HideSolutionNode = FALSE
	EndGlobalSection
	GlobalSection(NestedProjects) = preSolution
		{CF69C2E9-DCE0-4672-B1BC-70E0A75B8559} = {CA6C55C4-CCB7-4769-B81B-6E78B0ED5A28}
		{59371E18-81A6-4397-B37F-4283CEBD1BF6} = {CA6C55C4-CCB7-4769-B81B-6E78B0ED5A28}
		{509CA599-AF10-467D-B08C-23AD77130F6E} = {CA6C55C4-CCB7-4769-B81B-6E78B0ED5A28}
		{CB197780-1546-3846-C760-8D86AD2EBCD8} = {59371E18-81A6-4397-B37F-4283CEBD1BF6}
		{2577D5E5-EA8A-BC2D-48B9-5FCA0BB92918} = {CF69C2E9-DCE0-4672-B1BC-70E0A75B8559}
		{7973A32F-9A0A-92C5-3577-AF4086D051F6} = {509CA599-AF10-467D-B08C-23AD77130F6E}
		{F2A9B53D-34C3-475B-BF37-46BC0A84FCC3} = {CA6C55C4-CCB7-4769-B81B-6E78B0ED5A28}
		{53BCB31B-C293-40A6-ADD1-46F53ED689F5} = {F2A9B53D-34C3-475B-BF37-46BC0A84FCC3}
		{3D4028C3-2408-4841-8D3D-F8D5356A7354} = {F2A9B53D-34C3-475B-BF37-46BC0A84FCC3}
		{61462337-C2AA-4097-900D-F6EC8C537B5A} = {F2A9B53D-34C3-475B-BF37-46BC0A84FCC3}
		{F5CAF49E-F6A8-4D4E-A603-7275197218D8} = {F2A9B53D-34C3-475B-BF37-46BC0A84FCC3}
		{91E35F9D-8A02-4450-89F5-7014FF707722} = {C89687B8-1579-4ABD-94A0-C05A26B43682}
		{F96E9902-1B5D-46BB-BF0A-189A2873945A} = {C89687B8-1579-4ABD-94A0-C05A26B43682}
	EndGlobalSection
	GlobalSection(ExtensibilityGlobals) = postSolution
		SolutionGuid = {3714FDDE-694B-45E5-91FF-46F9AD37727C}
	EndGlobalSection
EndGlobal
