
Microsoft Visual Studio Solution File, Format Version 12.00
# Visual Studio Version 17
VisualStudioVersion = 17.13.35806.99
MinimumVisualStudioVersion = 10.0.40219.1
Project("{2150E333-8FDC-42A3-9474-1A3956D46DE8}") = "Services", "Services", "{CA6C55C4-CCB7-4769-B81B-6E78B0ED5A28}"
EndProject
Project("{2150E333-8FDC-42A3-9474-1A3956D46DE8}") = "Catalog", "Catalog", "{CF69C2E9-DCE0-4672-B1BC-70E0A75B8559}"
EndProject
Project("{FAE04EC0-301F-11D3-BF4B-00C04F79EFBC}") = "Catalog.API", "Services\Catalog\Catalog.API.csproj", "{01A417D5-D26E-4C4F-ABA1-48663E0DE37F}"
EndProject
Project("{2150E333-8FDC-42A3-9474-1A3956D46DE8}") = "BuildingBlocks", "BuildingBlocks", "{C89687B8-1579-4ABD-94A0-C05A26B43682}"
EndProject
Project("{FAE04EC0-301F-11D3-BF4B-00C04F79EFBC}") = "BuildingBlocks", "BuildingBlocks\BuildingBlocks.csproj", "{AE5CCEA2-23FD-4DE3-A0D2-21D5551F8870}"
EndProject
Project("{E53339B2-1760-4266-BCC7-CA923CBCF16C}") = "docker-compose", "docker-compose.dcproj", "{81DDED9D-158B-E303-5F62-77A2896D2A5A}"
EndProject
Global
	GlobalSection(SolutionConfigurationPlatforms) = preSolution
		Debug|Any CPU = Debug|Any CPU
		Release|Any CPU = Release|Any CPU
	EndGlobalSection
	GlobalSection(ProjectConfigurationPlatforms) = postSolution
		{01A417D5-D26E-4C4F-ABA1-48663E0DE37F}.Debug|Any CPU.ActiveCfg = Debug|Any CPU
		{01A417D5-D26E-4C4F-ABA1-48663E0DE37F}.Debug|Any CPU.Build.0 = Debug|Any CPU
		{01A417D5-D26E-4C4F-ABA1-48663E0DE37F}.Release|Any CPU.ActiveCfg = Release|Any CPU
		{01A417D5-D26E-4C4F-ABA1-48663E0DE37F}.Release|Any CPU.Build.0 = Release|Any CPU
		{AE5CCEA2-23FD-4DE3-A0D2-21D5551F8870}.Debug|Any CPU.ActiveCfg = Debug|Any CPU
		{AE5CCEA2-23FD-4DE3-A0D2-21D5551F8870}.Debug|Any CPU.Build.0 = Debug|Any CPU
		{AE5CCEA2-23FD-4DE3-A0D2-21D5551F8870}.Release|Any CPU.ActiveCfg = Release|Any CPU
		{AE5CCEA2-23FD-4DE3-A0D2-21D5551F8870}.Release|Any CPU.Build.0 = Release|Any CPU
		{81DDED9D-158B-E303-5F62-77A2896D2A5A}.Debug|Any CPU.ActiveCfg = Debug|Any CPU
		{81DDED9D-158B-E303-5F62-77A2896D2A5A}.Debug|Any CPU.Build.0 = Debug|Any CPU
		{81DDED9D-158B-E303-5F62-77A2896D2A5A}.Release|Any CPU.ActiveCfg = Release|Any CPU
		{81DDED9D-158B-E303-5F62-77A2896D2A5A}.Release|Any CPU.Build.0 = Release|Any CPU
	EndGlobalSection
	GlobalSection(SolutionProperties) = preSolution
		HideSolutionNode = FALSE
	EndGlobalSection
	GlobalSection(NestedProjects) = preSolution
		{CF69C2E9-DCE0-4672-B1BC-70E0A75B8559} = {CA6C55C4-CCB7-4769-B81B-6E78B0ED5A28}
		{01A417D5-D26E-4C4F-ABA1-48663E0DE37F} = {CF69C2E9-DCE0-4672-B1BC-70E0A75B8559}
		{AE5CCEA2-23FD-4DE3-A0D2-21D5551F8870} = {C89687B8-1579-4ABD-94A0-C05A26B43682}
	EndGlobalSection
	GlobalSection(ExtensibilityGlobals) = postSolution
		SolutionGuid = {3714FDDE-694B-45E5-91FF-46F9AD37727C}
	EndGlobalSection
EndGlobal
